// !$*UTF8*$!
{
	archiveVersion = 1;
	classes = {
	};
	objectVersion = 56;
	objects = {

/* Begin PBXBuildFile section */
		BB4FBA9C2BF4D6D300D8646D /* HomeViewController.swift in Sources */ = {isa = PBXBuildFile; fileRef = BB4FBA9A2BF4D6D300D8646D /* HomeViewController.swift */; };
		BB4FBA9D2BF4D6D300D8646D /* HomeViewController.xib in Resources */ = {isa = PBXBuildFile; fileRef = BB4FBA9B2BF4D6D300D8646D /* HomeViewController.xib */; };
		BB70CA4E2BF372BB00A8CCE3 /* AppDelegate.swift in Sources */ = {isa = PBXBuildFile; fileRef = BB70CA4D2BF372BB00A8CCE3 /* AppDelegate.swift */; };
		BB70CA502BF372BB00A8CCE3 /* SceneDelegate.swift in Sources */ = {isa = PBXBuildFile; fileRef = BB70CA4F2BF372BB00A8CCE3 /* SceneDelegate.swift */; };
		BB70CA572BF372BC00A8CCE3 /* Assets.xcassets in Resources */ = {isa = PBXBuildFile; fileRef = BB70CA562BF372BC00A8CCE3 /* Assets.xcassets */; };
		BB70CA5A2BF372BC00A8CCE3 /* Base in Resources */ = {isa = PBXBuildFile; fileRef = BB70CA592BF372BC00A8CCE3 /* Base */; };
		BB70CA652BF372BC00A8CCE3 /* TribeeAppTests.swift in Sources */ = {isa = PBXBuildFile; fileRef = BB70CA642BF372BC00A8CCE3 /* TribeeAppTests.swift */; };
		BB70CA6F2BF372BC00A8CCE3 /* TribeeAppUITests.swift in Sources */ = {isa = PBXBuildFile; fileRef = BB70CA6E2BF372BC00A8CCE3 /* TribeeAppUITests.swift */; };
		BB70CA712BF372BC00A8CCE3 /* TribeeAppUITestsLaunchTests.swift in Sources */ = {isa = PBXBuildFile; fileRef = BB70CA702BF372BC00A8CCE3 /* TribeeAppUITestsLaunchTests.swift */; };
		BB70CA7F2BF37C5F00A8CCE3 /* AgeAffiliationViewController.swift in Sources */ = {isa = PBXBuildFile; fileRef = BB70CA7D2BF37C5F00A8CCE3 /* AgeAffiliationViewController.swift */; };
		BB70CA802BF37C5F00A8CCE3 /* AgeAffiliationViewController.xib in Resources */ = {isa = PBXBuildFile; fileRef = BB70CA7E2BF37C5F00A8CCE3 /* AgeAffiliationViewController.xib */; };
		BBCCE4BE2BF4E2F30056E21F /* InputUserNameViewController.xib in Resources */ = {isa = PBXBuildFile; fileRef = BBCCE4BD2BF4E2F30056E21F /* InputUserNameViewController.xib */; };
		BBCCE4BF2BF4E2F30056E21F /* InputUserNameViewController.swift in Sources */ = {isa = PBXBuildFile; fileRef = BBCCE4BC2BF4E2F30056E21F /* InputUserNameViewController.swift */; };
/* End PBXBuildFile section */

/* Begin PBXContainerItemProxy section */
		BB70CA612BF372BC00A8CCE3 /* PBXContainerItemProxy */ = {
			isa = PBXContainerItemProxy;
			containerPortal = BB70CA422BF372BB00A8CCE3 /* Project object */;
			proxyType = 1;
			remoteGlobalIDString = BB70CA492BF372BB00A8CCE3;
			remoteInfo = TribeeApp;
		};
		BB70CA6B2BF372BC00A8CCE3 /* PBXContainerItemProxy */ = {
			isa = PBXContainerItemProxy;
			containerPortal = BB70CA422BF372BB00A8CCE3 /* Project object */;
			proxyType = 1;
			remoteGlobalIDString = BB70CA492BF372BB00A8CCE3;
			remoteInfo = TribeeApp;
		};
/* End PBXContainerItemProxy section */

/* Begin PBXFileReference section */
		BB4FBA9A2BF4D6D300D8646D /* HomeViewController.swift */ = {isa = PBXFileReference; lastKnownFileType = sourcecode.swift; path = HomeViewController.swift; sourceTree = "<group>"; };
		BB4FBA9B2BF4D6D300D8646D /* HomeViewController.xib */ = {isa = PBXFileReference; lastKnownFileType = file.xib; path = HomeViewController.xib; sourceTree = "<group>"; };
		BB70CA4A2BF372BB00A8CCE3 /* TribeeApp.app */ = {isa = PBXFileReference; explicitFileType = wrapper.application; includeInIndex = 0; path = TribeeApp.app; sourceTree = BUILT_PRODUCTS_DIR; };
		BB70CA4D2BF372BB00A8CCE3 /* AppDelegate.swift */ = {isa = PBXFileReference; lastKnownFileType = sourcecode.swift; path = AppDelegate.swift; sourceTree = "<group>"; };
		BB70CA4F2BF372BB00A8CCE3 /* SceneDelegate.swift */ = {isa = PBXFileReference; lastKnownFileType = sourcecode.swift; path = SceneDelegate.swift; sourceTree = "<group>"; };
		BB70CA562BF372BC00A8CCE3 /* Assets.xcassets */ = {isa = PBXFileReference; lastKnownFileType = folder.assetcatalog; path = Assets.xcassets; sourceTree = "<group>"; };
		BB70CA592BF372BC00A8CCE3 /* Base */ = {isa = PBXFileReference; lastKnownFileType = file.storyboard; name = Base; path = Base.lproj/LaunchScreen.storyboard; sourceTree = "<group>"; };
		BB70CA5B2BF372BC00A8CCE3 /* Info.plist */ = {isa = PBXFileReference; lastKnownFileType = text.plist.xml; path = Info.plist; sourceTree = "<group>"; };
		BB70CA602BF372BC00A8CCE3 /* TribeeAppTests.xctest */ = {isa = PBXFileReference; explicitFileType = wrapper.cfbundle; includeInIndex = 0; path = TribeeAppTests.xctest; sourceTree = BUILT_PRODUCTS_DIR; };
		BB70CA642BF372BC00A8CCE3 /* TribeeAppTests.swift */ = {isa = PBXFileReference; lastKnownFileType = sourcecode.swift; path = TribeeAppTests.swift; sourceTree = "<group>"; };
		BB70CA6A2BF372BC00A8CCE3 /* TribeeAppUITests.xctest */ = {isa = PBXFileReference; explicitFileType = wrapper.cfbundle; includeInIndex = 0; path = TribeeAppUITests.xctest; sourceTree = BUILT_PRODUCTS_DIR; };
		BB70CA6E2BF372BC00A8CCE3 /* TribeeAppUITests.swift */ = {isa = PBXFileReference; lastKnownFileType = sourcecode.swift; path = TribeeAppUITests.swift; sourceTree = "<group>"; };
		BB70CA702BF372BC00A8CCE3 /* TribeeAppUITestsLaunchTests.swift */ = {isa = PBXFileReference; lastKnownFileType = sourcecode.swift; path = TribeeAppUITestsLaunchTests.swift; sourceTree = "<group>"; };
		BB70CA7D2BF37C5F00A8CCE3 /* AgeAffiliationViewController.swift */ = {isa = PBXFileReference; lastKnownFileType = sourcecode.swift; path = AgeAffiliationViewController.swift; sourceTree = "<group>"; };
		BB70CA7E2BF37C5F00A8CCE3 /* AgeAffiliationViewController.xib */ = {isa = PBXFileReference; lastKnownFileType = file.xib; path = AgeAffiliationViewController.xib; sourceTree = "<group>"; };
		BBCCE4BC2BF4E2F30056E21F /* InputUserNameViewController.swift */ = {isa = PBXFileReference; lastKnownFileType = sourcecode.swift; path = InputUserNameViewController.swift; sourceTree = "<group>"; };
		BBCCE4BD2BF4E2F30056E21F /* InputUserNameViewController.xib */ = {isa = PBXFileReference; lastKnownFileType = file.xib; path = InputUserNameViewController.xib; sourceTree = "<group>"; };
/* End PBXFileReference section */

/* Begin PBXFrameworksBuildPhase section */
		BB70CA472BF372BB00A8CCE3 /* Frameworks */ = {
			isa = PBXFrameworksBuildPhase;
			buildActionMask = 2147483647;
			files = (
			);
			runOnlyForDeploymentPostprocessing = 0;
		};
		BB70CA5D2BF372BC00A8CCE3 /* Frameworks */ = {
			isa = PBXFrameworksBuildPhase;
			buildActionMask = 2147483647;
			files = (
			);
			runOnlyForDeploymentPostprocessing = 0;
		};
		BB70CA672BF372BC00A8CCE3 /* Frameworks */ = {
			isa = PBXFrameworksBuildPhase;
			buildActionMask = 2147483647;
			files = (
			);
			runOnlyForDeploymentPostprocessing = 0;
		};
/* End PBXFrameworksBuildPhase section */

/* Begin PBXGroup section */
		BB70CA412BF372BB00A8CCE3 = {
			isa = PBXGroup;
			children = (
				BB70CA4C2BF372BB00A8CCE3 /* TribeeApp */,
				BB70CA632BF372BC00A8CCE3 /* TribeeAppTests */,
				BB70CA6D2BF372BC00A8CCE3 /* TribeeAppUITests */,
				BB70CA4B2BF372BB00A8CCE3 /* Products */,
			);
			sourceTree = "<group>";
		};
		BB70CA4B2BF372BB00A8CCE3 /* Products */ = {
			isa = PBXGroup;
			children = (
				BB70CA4A2BF372BB00A8CCE3 /* TribeeApp.app */,
				BB70CA602BF372BC00A8CCE3 /* TribeeAppTests.xctest */,
				BB70CA6A2BF372BC00A8CCE3 /* TribeeAppUITests.xctest */,
			);
			name = Products;
			sourceTree = "<group>";
		};
		BB70CA4C2BF372BB00A8CCE3 /* TribeeApp */ = {
			isa = PBXGroup;
			children = (
				BB70CA4D2BF372BB00A8CCE3 /* AppDelegate.swift */,
				BB70CA4F2BF372BB00A8CCE3 /* SceneDelegate.swift */,
				BB4FBA9A2BF4D6D300D8646D /* HomeViewController.swift */,
				BB4FBA9B2BF4D6D300D8646D /* HomeViewController.xib */,
				BB70CA7D2BF37C5F00A8CCE3 /* AgeAffiliationViewController.swift */,
				BB70CA7E2BF37C5F00A8CCE3 /* AgeAffiliationViewController.xib */,
				BBCCE4BC2BF4E2F30056E21F /* InputUserNameViewController.swift */,
				BBCCE4BD2BF4E2F30056E21F /* InputUserNameViewController.xib */,
				BB70CA562BF372BC00A8CCE3 /* Assets.xcassets */,
				BB70CA582BF372BC00A8CCE3 /* LaunchScreen.storyboard */,
				BB70CA5B2BF372BC00A8CCE3 /* Info.plist */,
			);
			path = TribeeApp;
			sourceTree = "<group>";
		};
		BB70CA632BF372BC00A8CCE3 /* TribeeAppTests */ = {
			isa = PBXGroup;
			children = (
				BB70CA642BF372BC00A8CCE3 /* TribeeAppTests.swift */,
			);
			path = TribeeAppTests;
			sourceTree = "<group>";
		};
		BB70CA6D2BF372BC00A8CCE3 /* TribeeAppUITests */ = {
			isa = PBXGroup;
			children = (
				BB70CA6E2BF372BC00A8CCE3 /* TribeeAppUITests.swift */,
				BB70CA702BF372BC00A8CCE3 /* TribeeAppUITestsLaunchTests.swift */,
			);
			path = TribeeAppUITests;
			sourceTree = "<group>";
		};
/* End PBXGroup section */

/* Begin PBXNativeTarget section */
		BB70CA492BF372BB00A8CCE3 /* TribeeApp */ = {
			isa = PBXNativeTarget;
			buildConfigurationList = BB70CA742BF372BC00A8CCE3 /* Build configuration list for PBXNativeTarget "TribeeApp" */;
			buildPhases = (
				BB70CA462BF372BB00A8CCE3 /* Sources */,
				BB70CA472BF372BB00A8CCE3 /* Frameworks */,
				BB70CA482BF372BB00A8CCE3 /* Resources */,
			);
			buildRules = (
			);
			dependencies = (
			);
			name = TribeeApp;
			productName = TribeeApp;
			productReference = BB70CA4A2BF372BB00A8CCE3 /* TribeeApp.app */;
			productType = "com.apple.product-type.application";
		};
		BB70CA5F2BF372BC00A8CCE3 /* TribeeAppTests */ = {
			isa = PBXNativeTarget;
			buildConfigurationList = BB70CA772BF372BC00A8CCE3 /* Build configuration list for PBXNativeTarget "TribeeAppTests" */;
			buildPhases = (
				BB70CA5C2BF372BC00A8CCE3 /* Sources */,
				BB70CA5D2BF372BC00A8CCE3 /* Frameworks */,
				BB70CA5E2BF372BC00A8CCE3 /* Resources */,
			);
			buildRules = (
			);
			dependencies = (
				BB70CA622BF372BC00A8CCE3 /* PBXTargetDependency */,
			);
			name = TribeeAppTests;
			productName = TribeeAppTests;
			productReference = BB70CA602BF372BC00A8CCE3 /* TribeeAppTests.xctest */;
			productType = "com.apple.product-type.bundle.unit-test";
		};
		BB70CA692BF372BC00A8CCE3 /* TribeeAppUITests */ = {
			isa = PBXNativeTarget;
			buildConfigurationList = BB70CA7A2BF372BC00A8CCE3 /* Build configuration list for PBXNativeTarget "TribeeAppUITests" */;
			buildPhases = (
				BB70CA662BF372BC00A8CCE3 /* Sources */,
				BB70CA672BF372BC00A8CCE3 /* Frameworks */,
				BB70CA682BF372BC00A8CCE3 /* Resources */,
			);
			buildRules = (
			);
			dependencies = (
				BB70CA6C2BF372BC00A8CCE3 /* PBXTargetDependency */,
			);
			name = TribeeAppUITests;
			productName = TribeeAppUITests;
			productReference = BB70CA6A2BF372BC00A8CCE3 /* TribeeAppUITests.xctest */;
			productType = "com.apple.product-type.bundle.ui-testing";
		};
/* End PBXNativeTarget section */

/* Begin PBXProject section */
		BB70CA422BF372BB00A8CCE3 /* Project object */ = {
			isa = PBXProject;
			attributes = {
				BuildIndependentTargetsInParallel = 1;
				LastSwiftUpdateCheck = 1530;
				LastUpgradeCheck = 1530;
				TargetAttributes = {
					BB70CA492BF372BB00A8CCE3 = {
						CreatedOnToolsVersion = 15.3;
					};
					BB70CA5F2BF372BC00A8CCE3 = {
						CreatedOnToolsVersion = 15.3;
						TestTargetID = BB70CA492BF372BB00A8CCE3;
					};
					BB70CA692BF372BC00A8CCE3 = {
						CreatedOnToolsVersion = 15.3;
						TestTargetID = BB70CA492BF372BB00A8CCE3;
					};
				};
			};
			buildConfigurationList = BB70CA452BF372BB00A8CCE3 /* Build configuration list for PBXProject "TribeeApp" */;
			compatibilityVersion = "Xcode 14.0";
			developmentRegion = en;
			hasScannedForEncodings = 0;
			knownRegions = (
				en,
				Base,
			);
			mainGroup = BB70CA412BF372BB00A8CCE3;
			productRefGroup = BB70CA4B2BF372BB00A8CCE3 /* Products */;
			projectDirPath = "";
			projectRoot = "";
			targets = (
				BB70CA492BF372BB00A8CCE3 /* TribeeApp */,
				BB70CA5F2BF372BC00A8CCE3 /* TribeeAppTests */,
				BB70CA692BF372BC00A8CCE3 /* TribeeAppUITests */,
			);
		};
/* End PBXProject section */

/* Begin PBXResourcesBuildPhase section */
		BB70CA482BF372BB00A8CCE3 /* Resources */ = {
			isa = PBXResourcesBuildPhase;
			buildActionMask = 2147483647;
			files = (
				BB70CA572BF372BC00A8CCE3 /* Assets.xcassets in Resources */,
				BB70CA5A2BF372BC00A8CCE3 /* Base in Resources */,
				BB4FBA9D2BF4D6D300D8646D /* HomeViewController.xib in Resources */,
				BB70CA802BF37C5F00A8CCE3 /* AgeAffiliationViewController.xib in Resources */,
				BBCCE4BE2BF4E2F30056E21F /* InputUserNameViewController.xib in Resources */,
			);
			runOnlyForDeploymentPostprocessing = 0;
		};
		BB70CA5E2BF372BC00A8CCE3 /* Resources */ = {
			isa = PBXResourcesBuildPhase;
			buildActionMask = 2147483647;
			files = (
			);
			runOnlyForDeploymentPostprocessing = 0;
		};
		BB70CA682BF372BC00A8CCE3 /* Resources */ = {
			isa = PBXResourcesBuildPhase;
			buildActionMask = 2147483647;
			files = (
			);
			runOnlyForDeploymentPostprocessing = 0;
		};
/* End PBXResourcesBuildPhase section */

/* Begin PBXSourcesBuildPhase section */
		BB70CA462BF372BB00A8CCE3 /* Sources */ = {
			isa = PBXSourcesBuildPhase;
			buildActionMask = 2147483647;
			files = (
				BB4FBA9C2BF4D6D300D8646D /* HomeViewController.swift in Sources */,
				BB70CA4E2BF372BB00A8CCE3 /* AppDelegate.swift in Sources */,
				BB70CA502BF372BB00A8CCE3 /* SceneDelegate.swift in Sources */,
				BBCCE4BF2BF4E2F30056E21F /* InputUserNameViewController.swift in Sources */,
				BB70CA7F2BF37C5F00A8CCE3 /* AgeAffiliationViewController.swift in Sources */,
			);
			runOnlyForDeploymentPostprocessing = 0;
		};
		BB70CA5C2BF372BC00A8CCE3 /* Sources */ = {
			isa = PBXSourcesBuildPhase;
			buildActionMask = 2147483647;
			files = (
				BB70CA652BF372BC00A8CCE3 /* TribeeAppTests.swift in Sources */,
			);
			runOnlyForDeploymentPostprocessing = 0;
		};
		BB70CA662BF372BC00A8CCE3 /* Sources */ = {
			isa = PBXSourcesBuildPhase;
			buildActionMask = 2147483647;
			files = (
				BB70CA6F2BF372BC00A8CCE3 /* TribeeAppUITests.swift in Sources */,
				BB70CA712BF372BC00A8CCE3 /* TribeeAppUITestsLaunchTests.swift in Sources */,
			);
			runOnlyForDeploymentPostprocessing = 0;
		};
/* End PBXSourcesBuildPhase section */

/* Begin PBXTargetDependency section */
		BB70CA622BF372BC00A8CCE3 /* PBXTargetDependency */ = {
			isa = PBXTargetDependency;
			target = BB70CA492BF372BB00A8CCE3 /* TribeeApp */;
			targetProxy = BB70CA612BF372BC00A8CCE3 /* PBXContainerItemProxy */;
		};
		BB70CA6C2BF372BC00A8CCE3 /* PBXTargetDependency */ = {
			isa = PBXTargetDependency;
			target = BB70CA492BF372BB00A8CCE3 /* TribeeApp */;
			targetProxy = BB70CA6B2BF372BC00A8CCE3 /* PBXContainerItemProxy */;
		};
/* End PBXTargetDependency section */

/* Begin PBXVariantGroup section */
		BB70CA582BF372BC00A8CCE3 /* LaunchScreen.storyboard */ = {
			isa = PBXVariantGroup;
			children = (
				BB70CA592BF372BC00A8CCE3 /* Base */,
			);
			name = LaunchScreen.storyboard;
			sourceTree = "<group>";
		};
/* End PBXVariantGroup section */

/* Begin XCBuildConfiguration section */
		BB70CA722BF372BC00A8CCE3 /* Debug */ = {
			isa = XCBuildConfiguration;
			buildSettings = {
				ALWAYS_SEARCH_USER_PATHS = NO;
				ASSETCATALOG_COMPILER_GENERATE_SWIFT_ASSET_SYMBOL_EXTENSIONS = YES;
				CLANG_ANALYZER_NONNULL = YES;
				CLANG_ANALYZER_NUMBER_OBJECT_CONVERSION = YES_AGGRESSIVE;
				CLANG_CXX_LANGUAGE_STANDARD = "gnu++20";
				CLANG_ENABLE_MODULES = YES;
				CLANG_ENABLE_OBJC_ARC = YES;
				CLANG_ENABLE_OBJC_WEAK = YES;
				CLANG_WARN_BLOCK_CAPTURE_AUTORELEASING = YES;
				CLANG_WARN_BOOL_CONVERSION = YES;
				CLANG_WARN_COMMA = YES;
				CLANG_WARN_CONSTANT_CONVERSION = YES;
				CLANG_WARN_DEPRECATED_OBJC_IMPLEMENTATIONS = YES;
				CLANG_WARN_DIRECT_OBJC_ISA_USAGE = YES_ERROR;
				CLANG_WARN_DOCUMENTATION_COMMENTS = YES;
				CLANG_WARN_EMPTY_BODY = YES;
				CLANG_WARN_ENUM_CONVERSION = YES;
				CLANG_WARN_INFINITE_RECURSION = YES;
				CLANG_WARN_INT_CONVERSION = YES;
				CLANG_WARN_NON_LITERAL_NULL_CONVERSION = YES;
				CLANG_WARN_OBJC_IMPLICIT_RETAIN_SELF = YES;
				CLANG_WARN_OBJC_LITERAL_CONVERSION = YES;
				CLANG_WARN_OBJC_ROOT_CLASS = YES_ERROR;
				CLANG_WARN_QUOTED_INCLUDE_IN_FRAMEWORK_HEADER = YES;
				CLANG_WARN_RANGE_LOOP_ANALYSIS = YES;
				CLANG_WARN_STRICT_PROTOTYPES = YES;
				CLANG_WARN_SUSPICIOUS_MOVE = YES;
				CLANG_WARN_UNGUARDED_AVAILABILITY = YES_AGGRESSIVE;
				CLANG_WARN_UNREACHABLE_CODE = YES;
				CLANG_WARN__DUPLICATE_METHOD_MATCH = YES;
				COPY_PHASE_STRIP = NO;
				DEBUG_INFORMATION_FORMAT = dwarf;
				ENABLE_STRICT_OBJC_MSGSEND = YES;
				ENABLE_TESTABILITY = YES;
				ENABLE_USER_SCRIPT_SANDBOXING = YES;
				GCC_C_LANGUAGE_STANDARD = gnu17;
				GCC_DYNAMIC_NO_PIC = NO;
				GCC_NO_COMMON_BLOCKS = YES;
				GCC_OPTIMIZATION_LEVEL = 0;
				GCC_PREPROCESSOR_DEFINITIONS = (
					"DEBUG=1",
					"$(inherited)",
				);
				GCC_WARN_64_TO_32_BIT_CONVERSION = YES;
				GCC_WARN_ABOUT_RETURN_TYPE = YES_ERROR;
				GCC_WARN_UNDECLARED_SELECTOR = YES;
				GCC_WARN_UNINITIALIZED_AUTOS = YES_AGGRESSIVE;
				GCC_WARN_UNUSED_FUNCTION = YES;
				GCC_WARN_UNUSED_VARIABLE = YES;
				IPHONEOS_DEPLOYMENT_TARGET = 17.4;
				LOCALIZATION_PREFERS_STRING_CATALOGS = YES;
				MTL_ENABLE_DEBUG_INFO = INCLUDE_SOURCE;
				MTL_FAST_MATH = YES;
				ONLY_ACTIVE_ARCH = YES;
				SDKROOT = iphoneos;
				SWIFT_ACTIVE_COMPILATION_CONDITIONS = "DEBUG $(inherited)";
				SWIFT_OPTIMIZATION_LEVEL = "-Onone";
			};
			name = Debug;
		};
		BB70CA732BF372BC00A8CCE3 /* Release */ = {
			isa = XCBuildConfiguration;
			buildSettings = {
				ALWAYS_SEARCH_USER_PATHS = NO;
				ASSETCATALOG_COMPILER_GENERATE_SWIFT_ASSET_SYMBOL_EXTENSIONS = YES;
				CLANG_ANALYZER_NONNULL = YES;
				CLANG_ANALYZER_NUMBER_OBJECT_CONVERSION = YES_AGGRESSIVE;
				CLANG_CXX_LANGUAGE_STANDARD = "gnu++20";
				CLANG_ENABLE_MODULES = YES;
				CLANG_ENABLE_OBJC_ARC = YES;
				CLANG_ENABLE_OBJC_WEAK = YES;
				CLANG_WARN_BLOCK_CAPTURE_AUTORELEASING = YES;
				CLANG_WARN_BOOL_CONVERSION = YES;
				CLANG_WARN_COMMA = YES;
				CLANG_WARN_CONSTANT_CONVERSION = YES;
				CLANG_WARN_DEPRECATED_OBJC_IMPLEMENTATIONS = YES;
				CLANG_WARN_DIRECT_OBJC_ISA_USAGE = YES_ERROR;
				CLANG_WARN_DOCUMENTATION_COMMENTS = YES;
				CLANG_WARN_EMPTY_BODY = YES;
				CLANG_WARN_ENUM_CONVERSION = YES;
				CLANG_WARN_INFINITE_RECURSION = YES;
				CLANG_WARN_INT_CONVERSION = YES;
				CLANG_WARN_NON_LITERAL_NULL_CONVERSION = YES;
				CLANG_WARN_OBJC_IMPLICIT_RETAIN_SELF = YES;
				CLANG_WARN_OBJC_LITERAL_CONVERSION = YES;
				CLANG_WARN_OBJC_ROOT_CLASS = YES_ERROR;
				CLANG_WARN_QUOTED_INCLUDE_IN_FRAMEWORK_HEADER = YES;
				CLANG_WARN_RANGE_LOOP_ANALYSIS = YES;
				CLANG_WARN_STRICT_PROTOTYPES = YES;
				CLANG_WARN_SUSPICIOUS_MOVE = YES;
				CLANG_WARN_UNGUARDED_AVAILABILITY = YES_AGGRESSIVE;
				CLANG_WARN_UNREACHABLE_CODE = YES;
				CLANG_WARN__DUPLICATE_METHOD_MATCH = YES;
				COPY_PHASE_STRIP = NO;
				DEBUG_INFORMATION_FORMAT = "dwarf-with-dsym";
				ENABLE_NS_ASSERTIONS = NO;
				ENABLE_STRICT_OBJC_MSGSEND = YES;
				ENABLE_USER_SCRIPT_SANDBOXING = YES;
				GCC_C_LANGUAGE_STANDARD = gnu17;
				GCC_NO_COMMON_BLOCKS = YES;
				GCC_WARN_64_TO_32_BIT_CONVERSION = YES;
				GCC_WARN_ABOUT_RETURN_TYPE = YES_ERROR;
				GCC_WARN_UNDECLARED_SELECTOR = YES;
				GCC_WARN_UNINITIALIZED_AUTOS = YES_AGGRESSIVE;
				GCC_WARN_UNUSED_FUNCTION = YES;
				GCC_WARN_UNUSED_VARIABLE = YES;
				IPHONEOS_DEPLOYMENT_TARGET = 17.4;
				LOCALIZATION_PREFERS_STRING_CATALOGS = YES;
				MTL_ENABLE_DEBUG_INFO = NO;
				MTL_FAST_MATH = YES;
				SDKROOT = iphoneos;
				SWIFT_COMPILATION_MODE = wholemodule;
				VALIDATE_PRODUCT = YES;
			};
			name = Release;
		};
		BB70CA752BF372BC00A8CCE3 /* Debug */ = {
			isa = XCBuildConfiguration;
			buildSettings = {
				ASSETCATALOG_COMPILER_APPICON_NAME = AppIcon;
				ASSETCATALOG_COMPILER_GLOBAL_ACCENT_COLOR_NAME = AccentColor;
				CODE_SIGN_STYLE = Automatic;
				CURRENT_PROJECT_VERSION = 1;
				DEVELOPMENT_TEAM = K6K4698LKP;
				GENERATE_INFOPLIST_FILE = YES;
				INFOPLIST_FILE = TribeeApp/Info.plist;
				INFOPLIST_KEY_UIApplicationSupportsIndirectInputEvents = YES;
				INFOPLIST_KEY_UILaunchStoryboardName = LaunchScreen;
				INFOPLIST_KEY_UIStatusBarStyle = "";
				INFOPLIST_KEY_UISupportedInterfaceOrientations_iPad = "UIInterfaceOrientationPortrait UIInterfaceOrientationPortraitUpsideDown UIInterfaceOrientationLandscapeLeft UIInterfaceOrientationLandscapeRight";
				INFOPLIST_KEY_UISupportedInterfaceOrientations_iPhone = "UIInterfaceOrientationPortrait UIInterfaceOrientationLandscapeLeft UIInterfaceOrientationLandscapeRight";
				LD_RUNPATH_SEARCH_PATHS = (
					"$(inherited)",
					"@executable_path/Frameworks",
				);
				MARKETING_VERSION = 1.0;
				PRODUCT_BUNDLE_IDENTIFIER = saetakayama.TribeeApp;
				PRODUCT_NAME = "$(TARGET_NAME)";
				SWIFT_EMIT_LOC_STRINGS = YES;
				SWIFT_VERSION = 5.0;
				TARGETED_DEVICE_FAMILY = "1,2";
			};
			name = Debug;
		};
		BB70CA762BF372BC00A8CCE3 /* Release */ = {
			isa = XCBuildConfiguration;
			buildSettings = {
				ASSETCATALOG_COMPILER_APPICON_NAME = AppIcon;
				ASSETCATALOG_COMPILER_GLOBAL_ACCENT_COLOR_NAME = AccentColor;
				CODE_SIGN_STYLE = Automatic;
				CURRENT_PROJECT_VERSION = 1;
				DEVELOPMENT_TEAM = K6K4698LKP;
				GENERATE_INFOPLIST_FILE = YES;
				INFOPLIST_FILE = TribeeApp/Info.plist;
				INFOPLIST_KEY_UIApplicationSupportsIndirectInputEvents = YES;
				INFOPLIST_KEY_UILaunchStoryboardName = LaunchScreen;
				INFOPLIST_KEY_UIStatusBarStyle = "";
				INFOPLIST_KEY_UISupportedInterfaceOrientations_iPad = "UIInterfaceOrientationPortrait UIInterfaceOrientationPortraitUpsideDown UIInterfaceOrientationLandscapeLeft UIInterfaceOrientationLandscapeRight";
				INFOPLIST_KEY_UISupportedInterfaceOrientations_iPhone = "UIInterfaceOrientationPortrait UIInterfaceOrientationLandscapeLeft UIInterfaceOrientationLandscapeRight";
				LD_RUNPATH_SEARCH_PATHS = (
					"$(inherited)",
					"@executable_path/Frameworks",
				);
				MARKETING_VERSION = 1.0;
				PRODUCT_BUNDLE_IDENTIFIER = saetakayama.TribeeApp;
				PRODUCT_NAME = "$(TARGET_NAME)";
				SWIFT_EMIT_LOC_STRINGS = YES;
				SWIFT_VERSION = 5.0;
				TARGETED_DEVICE_FAMILY = "1,2";
			};
			name = Release;
		};
		BB70CA782BF372BC00A8CCE3 /* Debug */ = {
			isa = XCBuildConfiguration;
			buildSettings = {
				ALWAYS_EMBED_SWIFT_STANDARD_LIBRARIES = YES;
				BUNDLE_LOADER = "$(TEST_HOST)";
				CODE_SIGN_STYLE = Automatic;
				CURRENT_PROJECT_VERSION = 1;
				DEVELOPMENT_TEAM = K6K4698LKP;
				GENERATE_INFOPLIST_FILE = YES;
				IPHONEOS_DEPLOYMENT_TARGET = 17.4;
				MARKETING_VERSION = 1.0;
				PRODUCT_BUNDLE_IDENTIFIER = saetakayama.TribeeAppTests;
				PRODUCT_NAME = "$(TARGET_NAME)";
				SWIFT_EMIT_LOC_STRINGS = NO;
				SWIFT_VERSION = 5.0;
				TARGETED_DEVICE_FAMILY = "1,2";
				TEST_HOST = "$(BUILT_PRODUCTS_DIR)/TribeeApp.app/$(BUNDLE_EXECUTABLE_FOLDER_PATH)/TribeeApp";
			};
			name = Debug;
		};
		BB70CA792BF372BC00A8CCE3 /* Release */ = {
			isa = XCBuildConfiguration;
			buildSettings = {
				ALWAYS_EMBED_SWIFT_STANDARD_LIBRARIES = YES;
				BUNDLE_LOADER = "$(TEST_HOST)";
				CODE_SIGN_STYLE = Automatic;
				CURRENT_PROJECT_VERSION = 1;
				DEVELOPMENT_TEAM = K6K4698LKP;
				GENERATE_INFOPLIST_FILE = YES;
				IPHONEOS_DEPLOYMENT_TARGET = 17.4;
				MARKETING_VERSION = 1.0;
				PRODUCT_BUNDLE_IDENTIFIER = saetakayama.TribeeAppTests;
				PRODUCT_NAME = "$(TARGET_NAME)";
				SWIFT_EMIT_LOC_STRINGS = NO;
				SWIFT_VERSION = 5.0;
				TARGETED_DEVICE_FAMILY = "1,2";
				TEST_HOST = "$(BUILT_PRODUCTS_DIR)/TribeeApp.app/$(BUNDLE_EXECUTABLE_FOLDER_PATH)/TribeeApp";
			};
			name = Release;
		};
		BB70CA7B2BF372BC00A8CCE3 /* Debug */ = {
			isa = XCBuildConfiguration;
			buildSettings = {
				ALWAYS_EMBED_SWIFT_STANDARD_LIBRARIES = YES;
				CODE_SIGN_STYLE = Automatic;
				CURRENT_PROJECT_VERSION = 1;
				DEVELOPMENT_TEAM = K6K4698LKP;
				GENERATE_INFOPLIST_FILE = YES;
				MARKETING_VERSION = 1.0;
				PRODUCT_BUNDLE_IDENTIFIER = saetakayama.TribeeAppUITests;
				PRODUCT_NAME = "$(TARGET_NAME)";
				SWIFT_EMIT_LOC_STRINGS = NO;
				SWIFT_VERSION = 5.0;
				TARGETED_DEVICE_FAMILY = "1,2";
				TEST_TARGET_NAME = TribeeApp;
			};
			name = Debug;
		};
		BB70CA7C2BF372BC00A8CCE3 /* Release */ = {
			isa = XCBuildConfiguration;
			buildSettings = {
				ALWAYS_EMBED_SWIFT_STANDARD_LIBRARIES = YES;
				CODE_SIGN_STYLE = Automatic;
				CURRENT_PROJECT_VERSION = 1;
				DEVELOPMENT_TEAM = K6K4698LKP;
				GENERATE_INFOPLIST_FILE = YES;
				MARKETING_VERSION = 1.0;
				PRODUCT_BUNDLE_IDENTIFIER = saetakayama.TribeeAppUITests;
				PRODUCT_NAME = "$(TARGET_NAME)";
				SWIFT_EMIT_LOC_STRINGS = NO;
				SWIFT_VERSION = 5.0;
				TARGETED_DEVICE_FAMILY = "1,2";
				TEST_TARGET_NAME = TribeeApp;
			};
			name = Release;
		};
/* End XCBuildConfiguration section */

/* Begin XCConfigurationList section */
		BB70CA452BF372BB00A8CCE3 /* Build configuration list for PBXProject "TribeeApp" */ = {
			isa = XCConfigurationList;
			buildConfigurations = (
				BB70CA722BF372BC00A8CCE3 /* Debug */,
				BB70CA732BF372BC00A8CCE3 /* Release */,
			);
			defaultConfigurationIsVisible = 0;
			defaultConfigurationName = Release;
		};
		BB70CA742BF372BC00A8CCE3 /* Build configuration list for PBXNativeTarget "TribeeApp" */ = {
			isa = XCConfigurationList;
			buildConfigurations = (
				BB70CA752BF372BC00A8CCE3 /* Debug */,
				BB70CA762BF372BC00A8CCE3 /* Release */,
			);
			defaultConfigurationIsVisible = 0;
			defaultConfigurationName = Release;
		};
		BB70CA772BF372BC00A8CCE3 /* Build configuration list for PBXNativeTarget "TribeeAppTests" */ = {
			isa = XCConfigurationList;
			buildConfigurations = (
				BB70CA782BF372BC00A8CCE3 /* Debug */,
				BB70CA792BF372BC00A8CCE3 /* Release */,
			);
			defaultConfigurationIsVisible = 0;
			defaultConfigurationName = Release;
		};
		BB70CA7A2BF372BC00A8CCE3 /* Build configuration list for PBXNativeTarget "TribeeAppUITests" */ = {
			isa = XCConfigurationList;
			buildConfigurations = (
				BB70CA7B2BF372BC00A8CCE3 /* Debug */,
				BB70CA7C2BF372BC00A8CCE3 /* Release */,
			);
			defaultConfigurationIsVisible = 0;
			defaultConfigurationName = Release;
		};
/* End XCConfigurationList section */
	};
	rootObject = BB70CA422BF372BB00A8CCE3 /* Project object */;
}
